// !$*UTF8*$!
{
	archiveVersion = 1;
	classes = {
	};
	objectVersion = 46;
	objects = {

/* Begin PBXBuildFile section */
		AE1DAA2C1923C71500B4806E /* Foundation.framework in Frameworks */ = {isa = PBXBuildFile; fileRef = AE1DAA2B1923C71500B4806E /* Foundation.framework */; };
		AE1DAA2E1923C71500B4806E /* CoreGraphics.framework in Frameworks */ = {isa = PBXBuildFile; fileRef = AE1DAA2D1923C71500B4806E /* CoreGraphics.framework */; };
		AE1DAA301923C71500B4806E /* UIKit.framework in Frameworks */ = {isa = PBXBuildFile; fileRef = AE1DAA2F1923C71500B4806E /* UIKit.framework */; };
		AE1DAA361923C71500B4806E /* InfoPlist.strings in Resources */ = {isa = PBXBuildFile; fileRef = AE1DAA341923C71500B4806E /* InfoPlist.strings */; };
		AE1DAA381923C71500B4806E /* main.m in Sources */ = {isa = PBXBuildFile; fileRef = AE1DAA371923C71500B4806E /* main.m */; };
		AE1DAA3C1923C71500B4806E /* AppDelegate.m in Sources */ = {isa = PBXBuildFile; fileRef = AE1DAA3B1923C71500B4806E /* AppDelegate.m */; };
		AE1DAA3F1923C71500B4806E /* Main.storyboard in Resources */ = {isa = PBXBuildFile; fileRef = AE1DAA3D1923C71500B4806E /* Main.storyboard */; };
		AE1DAA421923C71500B4806E /* WebViewController.m in Sources */ = {isa = PBXBuildFile; fileRef = AE1DAA411923C71500B4806E /* WebViewController.m */; };
		AE1DAA441923C71500B4806E /* Images.xcassets in Resources */ = {isa = PBXBuildFile; fileRef = AE1DAA431923C71500B4806E /* Images.xcassets */; };
		AE1DAA4B1923C71500B4806E /* XCTest.framework in Frameworks */ = {isa = PBXBuildFile; fileRef = AE1DAA4A1923C71500B4806E /* XCTest.framework */; };
		AE1DAA4C1923C71500B4806E /* Foundation.framework in Frameworks */ = {isa = PBXBuildFile; fileRef = AE1DAA2B1923C71500B4806E /* Foundation.framework */; };
		AE1DAA4D1923C71500B4806E /* UIKit.framework in Frameworks */ = {isa = PBXBuildFile; fileRef = AE1DAA2F1923C71500B4806E /* UIKit.framework */; };
		AE1DAA551923C71500B4806E /* InfoPlist.strings in Resources */ = {isa = PBXBuildFile; fileRef = AE1DAA531923C71500B4806E /* InfoPlist.strings */; };
		AE1DAA571923C71500B4806E /* SafariTNGTests.m in Sources */ = {isa = PBXBuildFile; fileRef = AE1DAA561923C71500B4806E /* SafariTNGTests.m */; };
		AE1DAAA21923EB2A00B4806E /* CheckMate.framework in Frameworks */ = {isa = PBXBuildFile; fileRef = AE1DAAA11923EB2A00B4806E /* CheckMate.framework */; };
/* End PBXBuildFile section */

/* Begin PBXContainerItemProxy section */
		AE1DAA4E1923C71500B4806E /* PBXContainerItemProxy */ = {
			isa = PBXContainerItemProxy;
			containerPortal = AE1DAA201923C71500B4806E /* Project object */;
			proxyType = 1;
			remoteGlobalIDString = AE1DAA271923C71500B4806E;
			remoteInfo = SafariTNG;
		};
/* End PBXContainerItemProxy section */

/* Begin PBXFileReference section */
		AE1DAA281923C71500B4806E /* SafariTNG.app */ = {isa = PBXFileReference; explicitFileType = wrapper.application; includeInIndex = 0; path = SafariTNG.app; sourceTree = BUILT_PRODUCTS_DIR; };
		AE1DAA2B1923C71500B4806E /* Foundation.framework */ = {isa = PBXFileReference; lastKnownFileType = wrapper.framework; name = Foundation.framework; path = System/Library/Frameworks/Foundation.framework; sourceTree = SDKROOT; };
		AE1DAA2D1923C71500B4806E /* CoreGraphics.framework */ = {isa = PBXFileReference; lastKnownFileType = wrapper.framework; name = CoreGraphics.framework; path = System/Library/Frameworks/CoreGraphics.framework; sourceTree = SDKROOT; };
		AE1DAA2F1923C71500B4806E /* UIKit.framework */ = {isa = PBXFileReference; lastKnownFileType = wrapper.framework; name = UIKit.framework; path = System/Library/Frameworks/UIKit.framework; sourceTree = SDKROOT; };
		AE1DAA331923C71500B4806E /* SafariTNG-Info.plist */ = {isa = PBXFileReference; lastKnownFileType = text.plist.xml; path = "SafariTNG-Info.plist"; sourceTree = "<group>"; };
		AE1DAA351923C71500B4806E /* en */ = {isa = PBXFileReference; lastKnownFileType = text.plist.strings; name = en; path = en.lproj/InfoPlist.strings; sourceTree = "<group>"; };
		AE1DAA371923C71500B4806E /* main.m */ = {isa = PBXFileReference; lastKnownFileType = sourcecode.c.objc; path = main.m; sourceTree = "<group>"; };
		AE1DAA391923C71500B4806E /* SafariTNG-Prefix.pch */ = {isa = PBXFileReference; lastKnownFileType = sourcecode.c.h; path = "SafariTNG-Prefix.pch"; sourceTree = "<group>"; };
		AE1DAA3A1923C71500B4806E /* AppDelegate.h */ = {isa = PBXFileReference; lastKnownFileType = sourcecode.c.h; path = AppDelegate.h; sourceTree = "<group>"; };
		AE1DAA3B1923C71500B4806E /* AppDelegate.m */ = {isa = PBXFileReference; lastKnownFileType = sourcecode.c.objc; path = AppDelegate.m; sourceTree = "<group>"; };
		AE1DAA3E1923C71500B4806E /* Base */ = {isa = PBXFileReference; lastKnownFileType = file.storyboard; name = Base; path = Base.lproj/Main.storyboard; sourceTree = "<group>"; };
		AE1DAA401923C71500B4806E /* WebViewController.h */ = {isa = PBXFileReference; lastKnownFileType = sourcecode.c.h; path = WebViewController.h; sourceTree = "<group>"; };
		AE1DAA411923C71500B4806E /* WebViewController.m */ = {isa = PBXFileReference; lastKnownFileType = sourcecode.c.objc; path = WebViewController.m; sourceTree = "<group>"; };
		AE1DAA431923C71500B4806E /* Images.xcassets */ = {isa = PBXFileReference; lastKnownFileType = folder.assetcatalog; path = Images.xcassets; sourceTree = "<group>"; };
		AE1DAA491923C71500B4806E /* SafariTNGTests.xctest */ = {isa = PBXFileReference; explicitFileType = wrapper.cfbundle; includeInIndex = 0; path = SafariTNGTests.xctest; sourceTree = BUILT_PRODUCTS_DIR; };
		AE1DAA4A1923C71500B4806E /* XCTest.framework */ = {isa = PBXFileReference; lastKnownFileType = wrapper.framework; name = XCTest.framework; path = Library/Frameworks/XCTest.framework; sourceTree = DEVELOPER_DIR; };
		AE1DAA521923C71500B4806E /* SafariTNGTests-Info.plist */ = {isa = PBXFileReference; lastKnownFileType = text.plist.xml; path = "SafariTNGTests-Info.plist"; sourceTree = "<group>"; };
		AE1DAA541923C71500B4806E /* en */ = {isa = PBXFileReference; lastKnownFileType = text.plist.strings; name = en; path = en.lproj/InfoPlist.strings; sourceTree = "<group>"; };
		AE1DAA561923C71500B4806E /* SafariTNGTests.m */ = {isa = PBXFileReference; lastKnownFileType = sourcecode.c.objc; path = SafariTNGTests.m; sourceTree = "<group>"; };
		AE1DAAA11923EB2A00B4806E /* CheckMate.framework */ = {isa = PBXFileReference; lastKnownFileType = wrapper.framework; name = CheckMate.framework; path = ../CheckMate.framework; sourceTree = "<group>"; };
/* End PBXFileReference section */

/* Begin PBXFrameworksBuildPhase section */
		AE1DAA251923C71500B4806E /* Frameworks */ = {
			isa = PBXFrameworksBuildPhase;
			buildActionMask = 2147483647;
			files = (
				AE1DAAA21923EB2A00B4806E /* CheckMate.framework in Frameworks */,
				AE1DAA2E1923C71500B4806E /* CoreGraphics.framework in Frameworks */,
				AE1DAA301923C71500B4806E /* UIKit.framework in Frameworks */,
				AE1DAA2C1923C71500B4806E /* Foundation.framework in Frameworks */,
			);
			runOnlyForDeploymentPostprocessing = 0;
		};
		AE1DAA461923C71500B4806E /* Frameworks */ = {
			isa = PBXFrameworksBuildPhase;
			buildActionMask = 2147483647;
			files = (
				AE1DAA4B1923C71500B4806E /* XCTest.framework in Frameworks */,
				AE1DAA4D1923C71500B4806E /* UIKit.framework in Frameworks */,
				AE1DAA4C1923C71500B4806E /* Foundation.framework in Frameworks */,
			);
			runOnlyForDeploymentPostprocessing = 0;
		};
/* End PBXFrameworksBuildPhase section */

/* Begin PBXGroup section */
		AE1DAA1F1923C71500B4806E = {
			isa = PBXGroup;
			children = (
				AE1DAA311923C71500B4806E /* SafariTNG */,
				AE1DAA501923C71500B4806E /* SafariTNGTests */,
				AE1DAA2A1923C71500B4806E /* Frameworks */,
				AE1DAA291923C71500B4806E /* Products */,
			);
			sourceTree = "<group>";
		};
		AE1DAA291923C71500B4806E /* Products */ = {
			isa = PBXGroup;
			children = (
				AE1DAA281923C71500B4806E /* SafariTNG.app */,
				AE1DAA491923C71500B4806E /* SafariTNGTests.xctest */,
			);
			name = Products;
			sourceTree = "<group>";
		};
		AE1DAA2A1923C71500B4806E /* Frameworks */ = {
			isa = PBXGroup;
			children = (
				AE1DAAA11923EB2A00B4806E /* CheckMate.framework */,
				AE1DAA2B1923C71500B4806E /* Foundation.framework */,
				AE1DAA2D1923C71500B4806E /* CoreGraphics.framework */,
				AE1DAA2F1923C71500B4806E /* UIKit.framework */,
				AE1DAA4A1923C71500B4806E /* XCTest.framework */,
			);
			name = Frameworks;
			sourceTree = "<group>";
		};
		AE1DAA311923C71500B4806E /* SafariTNG */ = {
			isa = PBXGroup;
			children = (
				AE1DAA3A1923C71500B4806E /* AppDelegate.h */,
				AE1DAA3B1923C71500B4806E /* AppDelegate.m */,
				AE1DAA3D1923C71500B4806E /* Main.storyboard */,
				AE1DAA401923C71500B4806E /* WebViewController.h */,
				AE1DAA411923C71500B4806E /* WebViewController.m */,
				AE1DAA431923C71500B4806E /* Images.xcassets */,
				AE1DAA321923C71500B4806E /* Supporting Files */,
			);
			path = SafariTNG;
			sourceTree = "<group>";
		};
		AE1DAA321923C71500B4806E /* Supporting Files */ = {
			isa = PBXGroup;
			children = (
				AE1DAA331923C71500B4806E /* SafariTNG-Info.plist */,
				AE1DAA341923C71500B4806E /* InfoPlist.strings */,
				AE1DAA371923C71500B4806E /* main.m */,
				AE1DAA391923C71500B4806E /* SafariTNG-Prefix.pch */,
			);
			name = "Supporting Files";
			sourceTree = "<group>";
		};
		AE1DAA501923C71500B4806E /* SafariTNGTests */ = {
			isa = PBXGroup;
			children = (
				AE1DAA561923C71500B4806E /* SafariTNGTests.m */,
				AE1DAA511923C71500B4806E /* Supporting Files */,
			);
			path = SafariTNGTests;
			sourceTree = "<group>";
		};
		AE1DAA511923C71500B4806E /* Supporting Files */ = {
			isa = PBXGroup;
			children = (
				AE1DAA521923C71500B4806E /* SafariTNGTests-Info.plist */,
				AE1DAA531923C71500B4806E /* InfoPlist.strings */,
			);
			name = "Supporting Files";
			sourceTree = "<group>";
		};
/* End PBXGroup section */

/* Begin PBXNativeTarget section */
		AE1DAA271923C71500B4806E /* SafariTNG */ = {
			isa = PBXNativeTarget;
			buildConfigurationList = AE1DAA5A1923C71500B4806E /* Build configuration list for PBXNativeTarget "SafariTNG" */;
			buildPhases = (
				AE1DAA241923C71500B4806E /* Sources */,
				AE1DAA251923C71500B4806E /* Frameworks */,
				AE1DAA261923C71500B4806E /* Resources */,
			);
			buildRules = (
			);
			dependencies = (
			);
			name = SafariTNG;
			productName = SafariTNG;
			productReference = AE1DAA281923C71500B4806E /* SafariTNG.app */;
			productType = "com.apple.product-type.application";
		};
		AE1DAA481923C71500B4806E /* SafariTNGTests */ = {
			isa = PBXNativeTarget;
			buildConfigurationList = AE1DAA5D1923C71500B4806E /* Build configuration list for PBXNativeTarget "SafariTNGTests" */;
			buildPhases = (
				AE1DAA451923C71500B4806E /* Sources */,
				AE1DAA461923C71500B4806E /* Frameworks */,
				AE1DAA471923C71500B4806E /* Resources */,
			);
			buildRules = (
			);
			dependencies = (
				AE1DAA4F1923C71500B4806E /* PBXTargetDependency */,
			);
			name = SafariTNGTests;
			productName = SafariTNGTests;
			productReference = AE1DAA491923C71500B4806E /* SafariTNGTests.xctest */;
			productType = "com.apple.product-type.bundle.unit-test";
		};
/* End PBXNativeTarget section */

/* Begin PBXProject section */
		AE1DAA201923C71500B4806E /* Project object */ = {
			isa = PBXProject;
			attributes = {
				LastUpgradeCheck = 0510;
				ORGANIZATIONNAME = Mathien;
				TargetAttributes = {
					AE1DAA481923C71500B4806E = {
						TestTargetID = AE1DAA271923C71500B4806E;
					};
				};
			};
			buildConfigurationList = AE1DAA231923C71500B4806E /* Build configuration list for PBXProject "SafariTNG" */;
			compatibilityVersion = "Xcode 3.2";
			developmentRegion = English;
			hasScannedForEncodings = 0;
			knownRegions = (
				en,
				Base,
			);
			mainGroup = AE1DAA1F1923C71500B4806E;
			productRefGroup = AE1DAA291923C71500B4806E /* Products */;
			projectDirPath = "";
			projectRoot = "";
			targets = (
				AE1DAA271923C71500B4806E /* SafariTNG */,
				AE1DAA481923C71500B4806E /* SafariTNGTests */,
			);
		};
/* End PBXProject section */

/* Begin PBXResourcesBuildPhase section */
		AE1DAA261923C71500B4806E /* Resources */ = {
			isa = PBXResourcesBuildPhase;
			buildActionMask = 2147483647;
			files = (
				AE1DAA441923C71500B4806E /* Images.xcassets in Resources */,
				AE1DAA361923C71500B4806E /* InfoPlist.strings in Resources */,
				AE1DAA3F1923C71500B4806E /* Main.storyboard in Resources */,
			);
			runOnlyForDeploymentPostprocessing = 0;
		};
		AE1DAA471923C71500B4806E /* Resources */ = {
			isa = PBXResourcesBuildPhase;
			buildActionMask = 2147483647;
			files = (
				AE1DAA551923C71500B4806E /* InfoPlist.strings in Resources */,
			);
			runOnlyForDeploymentPostprocessing = 0;
		};
/* End PBXResourcesBuildPhase section */

/* Begin PBXSourcesBuildPhase section */
		AE1DAA241923C71500B4806E /* Sources */ = {
			isa = PBXSourcesBuildPhase;
			buildActionMask = 2147483647;
			files = (
				AE1DAA421923C71500B4806E /* WebViewController.m in Sources */,
				AE1DAA3C1923C71500B4806E /* AppDelegate.m in Sources */,
				AE1DAA381923C71500B4806E /* main.m in Sources */,
			);
			runOnlyForDeploymentPostprocessing = 0;
		};
		AE1DAA451923C71500B4806E /* Sources */ = {
			isa = PBXSourcesBuildPhase;
			buildActionMask = 2147483647;
			files = (
				AE1DAA571923C71500B4806E /* SafariTNGTests.m in Sources */,
			);
			runOnlyForDeploymentPostprocessing = 0;
		};
/* End PBXSourcesBuildPhase section */

/* Begin PBXTargetDependency section */
		AE1DAA4F1923C71500B4806E /* PBXTargetDependency */ = {
			isa = PBXTargetDependency;
			target = AE1DAA271923C71500B4806E /* SafariTNG */;
			targetProxy = AE1DAA4E1923C71500B4806E /* PBXContainerItemProxy */;
		};
/* End PBXTargetDependency section */

/* Begin PBXVariantGroup section */
		AE1DAA341923C71500B4806E /* InfoPlist.strings */ = {
			isa = PBXVariantGroup;
			children = (
				AE1DAA351923C71500B4806E /* en */,
			);
			name = InfoPlist.strings;
			sourceTree = "<group>";
		};
		AE1DAA3D1923C71500B4806E /* Main.storyboard */ = {
			isa = PBXVariantGroup;
			children = (
				AE1DAA3E1923C71500B4806E /* Base */,
			);
			name = Main.storyboard;
			sourceTree = "<group>";
		};
		AE1DAA531923C71500B4806E /* InfoPlist.strings */ = {
			isa = PBXVariantGroup;
			children = (
				AE1DAA541923C71500B4806E /* en */,
			);
			name = InfoPlist.strings;
			sourceTree = "<group>";
		};
/* End PBXVariantGroup section */

/* Begin XCBuildConfiguration section */
		AE1DAA581923C71500B4806E /* Debug */ = {
			isa = XCBuildConfiguration;
			buildSettings = {
				ALWAYS_SEARCH_USER_PATHS = NO;
				CLANG_CXX_LANGUAGE_STANDARD = "gnu++0x";
				CLANG_CXX_LIBRARY = "libc++";
				CLANG_ENABLE_MODULES = YES;
				CLANG_ENABLE_OBJC_ARC = YES;
				CLANG_WARN_BOOL_CONVERSION = YES;
				CLANG_WARN_CONSTANT_CONVERSION = YES;
				CLANG_WARN_DIRECT_OBJC_ISA_USAGE = YES_ERROR;
				CLANG_WARN_EMPTY_BODY = YES;
				CLANG_WARN_ENUM_CONVERSION = YES;
				CLANG_WARN_INT_CONVERSION = YES;
				CLANG_WARN_OBJC_ROOT_CLASS = YES_ERROR;
				CLANG_WARN__DUPLICATE_METHOD_MATCH = YES;
				"CODE_SIGN_IDENTITY[sdk=iphoneos*]" = "iPhone Developer";
				COPY_PHASE_STRIP = NO;
				GCC_C_LANGUAGE_STANDARD = gnu99;
				GCC_DYNAMIC_NO_PIC = NO;
				GCC_OPTIMIZATION_LEVEL = 0;
				GCC_PREPROCESSOR_DEFINITIONS = (
					"DEBUG=1",
					"$(inherited)",
				);
				GCC_SYMBOLS_PRIVATE_EXTERN = NO;
				GCC_WARN_64_TO_32_BIT_CONVERSION = YES;
				GCC_WARN_ABOUT_RETURN_TYPE = YES_ERROR;
				GCC_WARN_UNDECLARED_SELECTOR = YES;
				GCC_WARN_UNINITIALIZED_AUTOS = YES_AGGRESSIVE;
				GCC_WARN_UNUSED_FUNCTION = YES;
				GCC_WARN_UNUSED_VARIABLE = YES;
				IPHONEOS_DEPLOYMENT_TARGET = 7.1;
				ONLY_ACTIVE_ARCH = YES;
				SDKROOT = iphoneos;
			};
			name = Debug;
		};
		AE1DAA591923C71500B4806E /* Release */ = {
			isa = XCBuildConfiguration;
			buildSettings = {
				ALWAYS_SEARCH_USER_PATHS = NO;
				CLANG_CXX_LANGUAGE_STANDARD = "gnu++0x";
				CLANG_CXX_LIBRARY = "libc++";
				CLANG_ENABLE_MODULES = YES;
				CLANG_ENABLE_OBJC_ARC = YES;
				CLANG_WARN_BOOL_CONVERSION = YES;
				CLANG_WARN_CONSTANT_CONVERSION = YES;
				CLANG_WARN_DIRECT_OBJC_ISA_USAGE = YES_ERROR;
				CLANG_WARN_EMPTY_BODY = YES;
				CLANG_WARN_ENUM_CONVERSION = YES;
				CLANG_WARN_INT_CONVERSION = YES;
				CLANG_WARN_OBJC_ROOT_CLASS = YES_ERROR;
				CLANG_WARN__DUPLICATE_METHOD_MATCH = YES;
				"CODE_SIGN_IDENTITY[sdk=iphoneos*]" = "iPhone Developer";
				COPY_PHASE_STRIP = YES;
				ENABLE_NS_ASSERTIONS = NO;
				GCC_C_LANGUAGE_STANDARD = gnu99;
				GCC_WARN_64_TO_32_BIT_CONVERSION = YES;
				GCC_WARN_ABOUT_RETURN_TYPE = YES_ERROR;
				GCC_WARN_UNDECLARED_SELECTOR = YES;
				GCC_WARN_UNINITIALIZED_AUTOS = YES_AGGRESSIVE;
				GCC_WARN_UNUSED_FUNCTION = YES;
				GCC_WARN_UNUSED_VARIABLE = YES;
				IPHONEOS_DEPLOYMENT_TARGET = 7.1;
				SDKROOT = iphoneos;
				VALIDATE_PRODUCT = YES;
			};
			name = Release;
		};
		AE1DAA5B1923C71500B4806E /* Debug */ = {
			isa = XCBuildConfiguration;
			buildSettings = {
				ASSETCATALOG_COMPILER_APPICON_NAME = AppIcon;
				ASSETCATALOG_COMPILER_LAUNCHIMAGE_NAME = LaunchImage;
				FRAMEWORK_SEARCH_PATHS = (
					"$(inherited)",
					/Users/teacher/Desktop/mobile,
					makers,
				);
				GCC_PRECOMPILE_PREFIX_HEADER = YES;
				GCC_PREFIX_HEADER = "SafariTNG/SafariTNG-Prefix.pch";
				INFOPLIST_FILE = "SafariTNG/SafariTNG-Info.plist";
				PRODUCT_NAME = "$(TARGET_NAME)";
				WRAPPER_EXTENSION = app;
			};
			name = Debug;
		};
		AE1DAA5C1923C71500B4806E /* Release */ = {
			isa = XCBuildConfiguration;
			buildSettings = {
				ASSETCATALOG_COMPILER_APPICON_NAME = AppIcon;
				ASSETCATALOG_COMPILER_LAUNCHIMAGE_NAME = LaunchImage;
				FRAMEWORK_SEARCH_PATHS = (
					"$(inherited)",
					/Users/teacher/Desktop/mobile,
					makers,
				);
				GCC_PRECOMPILE_PREFIX_HEADER = YES;
				GCC_PREFIX_HEADER = "SafariTNG/SafariTNG-Prefix.pch";
				INFOPLIST_FILE = "SafariTNG/SafariTNG-Info.plist";
				PRODUCT_NAME = "$(TARGET_NAME)";
				WRAPPER_EXTENSION = app;
			};
			name = Release;
		};
		AE1DAA5E1923C71500B4806E /* Debug */ = {
			isa = XCBuildConfiguration;
			buildSettings = {
				BUNDLE_LOADER = "$(BUILT_PRODUCTS_DIR)/SafariTNG.app/SafariTNG";
				FRAMEWORK_SEARCH_PATHS = (
					"$(SDKROOT)/Developer/Library/Frameworks",
					"$(inherited)",
					"$(DEVELOPER_FRAMEWORKS_DIR)",
				);
				GCC_PRECOMPILE_PREFIX_HEADER = YES;
				GCC_PREFIX_HEADER = "SafariTNG/SafariTNG-Prefix.pch";
				GCC_PREPROCESSOR_DEFINITIONS = (
					"DEBUG=1",
					"$(inherited)",
				);
				INFOPLIST_FILE = "SafariTNGTests/SafariTNGTests-Info.plist";
				PRODUCT_NAME = "$(TARGET_NAME)";
				TEST_HOST = "$(BUNDLE_LOADER)";
				WRAPPER_EXTENSION = xctest;
			};
			name = Debug;
		};
		AE1DAA5F1923C71500B4806E /* Release */ = {
			isa = XCBuildConfiguration;
			buildSettings = {
				BUNDLE_LOADER = "$(BUILT_PRODUCTS_DIR)/SafariTNG.app/SafariTNG";
				FRAMEWORK_SEARCH_PATHS = (
					"$(SDKROOT)/Developer/Library/Frameworks",
					"$(inherited)",
					"$(DEVELOPER_FRAMEWORKS_DIR)",
				);
				GCC_PRECOMPILE_PREFIX_HEADER = YES;
				GCC_PREFIX_HEADER = "SafariTNG/SafariTNG-Prefix.pch";
				INFOPLIST_FILE = "SafariTNGTests/SafariTNGTests-Info.plist";
				PRODUCT_NAME = "$(TARGET_NAME)";
				TEST_HOST = "$(BUNDLE_LOADER)";
				WRAPPER_EXTENSION = xctest;
			};
			name = Release;
		};
/* End XCBuildConfiguration section */

/* Begin XCConfigurationList section */
		AE1DAA231923C71500B4806E /* Build configuration list for PBXProject "SafariTNG" */ = {
			isa = XCConfigurationList;
			buildConfigurations = (
				AE1DAA581923C71500B4806E /* Debug */,
				AE1DAA591923C71500B4806E /* Release */,
			);
			defaultConfigurationIsVisible = 0;
			defaultConfigurationName = Release;
		};
		AE1DAA5A1923C71500B4806E /* Build configuration list for PBXNativeTarget "SafariTNG" */ = {
			isa = XCConfigurationList;
			buildConfigurations = (
				AE1DAA5B1923C71500B4806E /* Debug */,
				AE1DAA5C1923C71500B4806E /* Release */,
			);
			defaultConfigurationIsVisible = 0;
		};
		AE1DAA5D1923C71500B4806E /* Build configuration list for PBXNativeTarget "SafariTNGTests" */ = {
			isa = XCConfigurationList;
			buildConfigurations = (
				AE1DAA5E1923C71500B4806E /* Debug */,
				AE1DAA5F1923C71500B4806E /* Release */,
			);
			defaultConfigurationIsVisible = 0;
		};
/* End XCConfigurationList section */
	};
	rootObject = AE1DAA201923C71500B4806E /* Project object */;
}
